
Microsoft Visual Studio Solution File, Format Version 12.00
# Visual Studio Version 17
VisualStudioVersion = 17.5.33516.290
MinimumVisualStudioVersion = 10.0.40219.1
Project("{54A90642-561A-4BB1-A94E-469ADEE60C69}") = "reactproject5", "reactproject5\reactproject5.esproj", "{44C36454-0AA0-47C4-9BC6-5E36E248BC03}"
EndProject
Global
	GlobalSection(SolutionConfigurationPlatforms) = preSolution
		Debug|Any CPU = Debug|Any CPU
		Release|Any CPU = Release|Any CPU
	EndGlobalSection
	GlobalSection(ProjectConfigurationPlatforms) = postSolution
		{44C36454-0AA0-47C4-9BC6-5E36E248BC03}.Debug|Any CPU.ActiveCfg = Debug|Any CPU
		{44C36454-0AA0-47C4-9BC6-5E36E248BC03}.Debug|Any CPU.Build.0 = Debug|Any CPU
		{44C36454-0AA0-47C4-9BC6-5E36E248BC03}.Debug|Any CPU.Deploy.0 = Debug|Any CPU
		{44C36454-0AA0-47C4-9BC6-5E36E248BC03}.Release|Any CPU.ActiveCfg = Release|Any CPU
		{44C36454-0AA0-47C4-9BC6-5E36E248BC03}.Release|Any CPU.Build.0 = Release|Any CPU
		{44C36454-0AA0-47C4-9BC6-5E36E248BC03}.Release|Any CPU.Deploy.0 = Release|Any CPU
	EndGlobalSection
	GlobalSection(SolutionProperties) = preSolution
		HideSolutionNode = FALSE
	EndGlobalSection
	GlobalSection(ExtensibilityGlobals) = postSolution
		SolutionGuid = {6F9EAD74-9248-473F-8543-678957D3BBA7}
	EndGlobalSection
EndGlobal
